// !$*UTF8*$!
{
	archiveVersion = 1;
	classes = {
	};
	objectVersion = 46;
	objects = {

/* Begin PBXBuildFile section */
		0C9FF2911C9075DF00CAA309 /* AddEventViewController.m in Sources */ = {isa = PBXBuildFile; fileRef = 0C9FF2901C9075DF00CAA309 /* AddEventViewController.m */; };
		0C9FF2921C9075DF00CAA309 /* AddEventViewController.m in Sources */ = {isa = PBXBuildFile; fileRef = 0C9FF2901C9075DF00CAA309 /* AddEventViewController.m */; };
		0C9FF2931C9075DF00CAA309 /* AddEventViewController.m in Sources */ = {isa = PBXBuildFile; fileRef = 0C9FF2901C9075DF00CAA309 /* AddEventViewController.m */; };
		0C9FF2961C90999D00CAA309 /* placeholder.png in Resources */ = {isa = PBXBuildFile; fileRef = 0C9FF2951C90999D00CAA309 /* placeholder.png */; };
		0C9FF2971C90999D00CAA309 /* placeholder.png in Resources */ = {isa = PBXBuildFile; fileRef = 0C9FF2951C90999D00CAA309 /* placeholder.png */; };
		0C9FF2981C90999D00CAA309 /* placeholder.png in Resources */ = {isa = PBXBuildFile; fileRef = 0C9FF2951C90999D00CAA309 /* placeholder.png */; };
		0C9FF29B1C909B5800CAA309 /* DatePickerViewController.m in Sources */ = {isa = PBXBuildFile; fileRef = 0C9FF29A1C909B5800CAA309 /* DatePickerViewController.m */; };
		0C9FF29C1C909B5800CAA309 /* DatePickerViewController.m in Sources */ = {isa = PBXBuildFile; fileRef = 0C9FF29A1C909B5800CAA309 /* DatePickerViewController.m */; };
		0C9FF29D1C909B5800CAA309 /* DatePickerViewController.m in Sources */ = {isa = PBXBuildFile; fileRef = 0C9FF29A1C909B5800CAA309 /* DatePickerViewController.m */; };
		0C9FF2B31C90A9F400CAA309 /* AbstractActionSheetPicker.m in Sources */ = {isa = PBXBuildFile; fileRef = 0C9FF2A01C90A9F400CAA309 /* AbstractActionSheetPicker.m */; };
		0C9FF2B41C90A9F400CAA309 /* AbstractActionSheetPicker.m in Sources */ = {isa = PBXBuildFile; fileRef = 0C9FF2A01C90A9F400CAA309 /* AbstractActionSheetPicker.m */; };
		0C9FF2B51C90A9F400CAA309 /* AbstractActionSheetPicker.m in Sources */ = {isa = PBXBuildFile; fileRef = 0C9FF2A01C90A9F400CAA309 /* AbstractActionSheetPicker.m */; };
		0C9FF2B61C90A9F400CAA309 /* ActionSheetCustomPicker.m in Sources */ = {isa = PBXBuildFile; fileRef = 0C9FF2A21C90A9F400CAA309 /* ActionSheetCustomPicker.m */; };
		0C9FF2B71C90A9F400CAA309 /* ActionSheetCustomPicker.m in Sources */ = {isa = PBXBuildFile; fileRef = 0C9FF2A21C90A9F400CAA309 /* ActionSheetCustomPicker.m */; };
		0C9FF2B81C90A9F400CAA309 /* ActionSheetCustomPicker.m in Sources */ = {isa = PBXBuildFile; fileRef = 0C9FF2A21C90A9F400CAA309 /* ActionSheetCustomPicker.m */; };
		0C9FF2B91C90A9F400CAA309 /* ActionSheetDatePicker.m in Sources */ = {isa = PBXBuildFile; fileRef = 0C9FF2A51C90A9F400CAA309 /* ActionSheetDatePicker.m */; };
		0C9FF2BA1C90A9F400CAA309 /* ActionSheetDatePicker.m in Sources */ = {isa = PBXBuildFile; fileRef = 0C9FF2A51C90A9F400CAA309 /* ActionSheetDatePicker.m */; };
		0C9FF2BB1C90A9F400CAA309 /* ActionSheetDatePicker.m in Sources */ = {isa = PBXBuildFile; fileRef = 0C9FF2A51C90A9F400CAA309 /* ActionSheetDatePicker.m */; };
		0C9FF2BC1C90A9F400CAA309 /* ActionSheetDistancePicker.m in Sources */ = {isa = PBXBuildFile; fileRef = 0C9FF2A71C90A9F400CAA309 /* ActionSheetDistancePicker.m */; };
		0C9FF2BD1C90A9F400CAA309 /* ActionSheetDistancePicker.m in Sources */ = {isa = PBXBuildFile; fileRef = 0C9FF2A71C90A9F400CAA309 /* ActionSheetDistancePicker.m */; };
		0C9FF2BE1C90A9F400CAA309 /* ActionSheetDistancePicker.m in Sources */ = {isa = PBXBuildFile; fileRef = 0C9FF2A71C90A9F400CAA309 /* ActionSheetDistancePicker.m */; };
		0C9FF2BF1C90A9F400CAA309 /* ActionSheetLocalePicker.m in Sources */ = {isa = PBXBuildFile; fileRef = 0C9FF2A91C90A9F400CAA309 /* ActionSheetLocalePicker.m */; };
		0C9FF2C01C90A9F400CAA309 /* ActionSheetLocalePicker.m in Sources */ = {isa = PBXBuildFile; fileRef = 0C9FF2A91C90A9F400CAA309 /* ActionSheetLocalePicker.m */; };
		0C9FF2C11C90A9F400CAA309 /* ActionSheetLocalePicker.m in Sources */ = {isa = PBXBuildFile; fileRef = 0C9FF2A91C90A9F400CAA309 /* ActionSheetLocalePicker.m */; };
		0C9FF2C21C90A9F400CAA309 /* ActionSheetMultipleStringPicker.m in Sources */ = {isa = PBXBuildFile; fileRef = 0C9FF2AB1C90A9F400CAA309 /* ActionSheetMultipleStringPicker.m */; };
		0C9FF2C31C90A9F400CAA309 /* ActionSheetMultipleStringPicker.m in Sources */ = {isa = PBXBuildFile; fileRef = 0C9FF2AB1C90A9F400CAA309 /* ActionSheetMultipleStringPicker.m */; };
		0C9FF2C41C90A9F400CAA309 /* ActionSheetMultipleStringPicker.m in Sources */ = {isa = PBXBuildFile; fileRef = 0C9FF2AB1C90A9F400CAA309 /* ActionSheetMultipleStringPicker.m */; };
		0C9FF2C51C90A9F400CAA309 /* ActionSheetStringPicker.m in Sources */ = {isa = PBXBuildFile; fileRef = 0C9FF2AE1C90A9F400CAA309 /* ActionSheetStringPicker.m */; };
		0C9FF2C61C90A9F400CAA309 /* ActionSheetStringPicker.m in Sources */ = {isa = PBXBuildFile; fileRef = 0C9FF2AE1C90A9F400CAA309 /* ActionSheetStringPicker.m */; };
		0C9FF2C71C90A9F400CAA309 /* ActionSheetStringPicker.m in Sources */ = {isa = PBXBuildFile; fileRef = 0C9FF2AE1C90A9F400CAA309 /* ActionSheetStringPicker.m */; };
		0C9FF2C81C90A9F400CAA309 /* DistancePickerView.m in Sources */ = {isa = PBXBuildFile; fileRef = 0C9FF2B01C90A9F400CAA309 /* DistancePickerView.m */; };
		0C9FF2C91C90A9F400CAA309 /* DistancePickerView.m in Sources */ = {isa = PBXBuildFile; fileRef = 0C9FF2B01C90A9F400CAA309 /* DistancePickerView.m */; };
		0C9FF2CA1C90A9F400CAA309 /* DistancePickerView.m in Sources */ = {isa = PBXBuildFile; fileRef = 0C9FF2B01C90A9F400CAA309 /* DistancePickerView.m */; };
		0C9FF2CB1C90A9F400CAA309 /* SWActionSheet.m in Sources */ = {isa = PBXBuildFile; fileRef = 0C9FF2B21C90A9F400CAA309 /* SWActionSheet.m */; };
		0C9FF2CC1C90A9F400CAA309 /* SWActionSheet.m in Sources */ = {isa = PBXBuildFile; fileRef = 0C9FF2B21C90A9F400CAA309 /* SWActionSheet.m */; };
		0C9FF2CD1C90A9F400CAA309 /* SWActionSheet.m in Sources */ = {isa = PBXBuildFile; fileRef = 0C9FF2B21C90A9F400CAA309 /* SWActionSheet.m */; };
		0C9FF2D81C934FA400CAA309 /* TPKeyboardAvoidingCollectionView.m in Sources */ = {isa = PBXBuildFile; fileRef = 0C9FF2D11C934FA400CAA309 /* TPKeyboardAvoidingCollectionView.m */; };
		0C9FF2D91C934FA400CAA309 /* TPKeyboardAvoidingScrollView.m in Sources */ = {isa = PBXBuildFile; fileRef = 0C9FF2D31C934FA400CAA309 /* TPKeyboardAvoidingScrollView.m */; };
		0C9FF2DA1C934FA400CAA309 /* TPKeyboardAvoidingTableView.m in Sources */ = {isa = PBXBuildFile; fileRef = 0C9FF2D51C934FA400CAA309 /* TPKeyboardAvoidingTableView.m */; };
		0C9FF2DB1C934FA400CAA309 /* UIScrollView+TPKeyboardAvoidingAdditions.m in Sources */ = {isa = PBXBuildFile; fileRef = 0C9FF2D71C934FA400CAA309 /* UIScrollView+TPKeyboardAvoidingAdditions.m */; };
		0CDB2A341C8843E6003B586D /* main.m in Sources */ = {isa = PBXBuildFile; fileRef = 0CDB2A331C8843E6003B586D /* main.m */; };
		0CDB2A371C8843E6003B586D /* AppDelegate.m in Sources */ = {isa = PBXBuildFile; fileRef = 0CDB2A361C8843E6003B586D /* AppDelegate.m */; };
		0CDB2A3A1C8843E6003B586D /* ViewController.m in Sources */ = {isa = PBXBuildFile; fileRef = 0CDB2A391C8843E6003B586D /* ViewController.m */; };
		0CDB2A3D1C8843E6003B586D /* Main.storyboard in Resources */ = {isa = PBXBuildFile; fileRef = 0CDB2A3B1C8843E6003B586D /* Main.storyboard */; };
		0CDB2A3F1C8843E6003B586D /* Assets.xcassets in Resources */ = {isa = PBXBuildFile; fileRef = 0CDB2A3E1C8843E6003B586D /* Assets.xcassets */; };
		0CDB2A421C8843E6003B586D /* LaunchScreen.storyboard in Resources */ = {isa = PBXBuildFile; fileRef = 0CDB2A401C8843E6003B586D /* LaunchScreen.storyboard */; };
		0CDB2A4D1C8843E6003B586D /* demoAppTests.m in Sources */ = {isa = PBXBuildFile; fileRef = 0CDB2A4C1C8843E6003B586D /* demoAppTests.m */; };
		0CDB2A581C8843E6003B586D /* demoAppUITests.m in Sources */ = {isa = PBXBuildFile; fileRef = 0CDB2A571C8843E6003B586D /* demoAppUITests.m */; };
		0CDB2A691C88454D003B586D /* FBSDKCoreKit.framework in Frameworks */ = {isa = PBXBuildFile; fileRef = 0CDB2A661C88454D003B586D /* FBSDKCoreKit.framework */; };
		0CDB2A6A1C88454D003B586D /* FBSDKCoreKit.framework in Frameworks */ = {isa = PBXBuildFile; fileRef = 0CDB2A661C88454D003B586D /* FBSDKCoreKit.framework */; };
		0CDB2A6B1C88454D003B586D /* FBSDKCoreKit.framework in Frameworks */ = {isa = PBXBuildFile; fileRef = 0CDB2A661C88454D003B586D /* FBSDKCoreKit.framework */; };
		0CDB2A6C1C88454D003B586D /* FBSDKLoginKit.framework in Frameworks */ = {isa = PBXBuildFile; fileRef = 0CDB2A671C88454D003B586D /* FBSDKLoginKit.framework */; };
		0CDB2A6D1C88454D003B586D /* FBSDKLoginKit.framework in Frameworks */ = {isa = PBXBuildFile; fileRef = 0CDB2A671C88454D003B586D /* FBSDKLoginKit.framework */; };
		0CDB2A6E1C88454D003B586D /* FBSDKLoginKit.framework in Frameworks */ = {isa = PBXBuildFile; fileRef = 0CDB2A671C88454D003B586D /* FBSDKLoginKit.framework */; };
		0CDB2A6F1C88454D003B586D /* FBSDKShareKit.framework in Frameworks */ = {isa = PBXBuildFile; fileRef = 0CDB2A681C88454D003B586D /* FBSDKShareKit.framework */; };
		0CDB2A701C88454D003B586D /* FBSDKShareKit.framework in Frameworks */ = {isa = PBXBuildFile; fileRef = 0CDB2A681C88454D003B586D /* FBSDKShareKit.framework */; };
		0CDB2A711C88454D003B586D /* FBSDKShareKit.framework in Frameworks */ = {isa = PBXBuildFile; fileRef = 0CDB2A681C88454D003B586D /* FBSDKShareKit.framework */; };
		0CDB2A731C884606003B586D /* Default-568h@2x.png in Resources */ = {isa = PBXBuildFile; fileRef = 0CDB2A721C884606003B586D /* Default-568h@2x.png */; };
		0CDB2A761C884877003B586D /* MainTableViewController.m in Sources */ = {isa = PBXBuildFile; fileRef = 0CDB2A751C884877003B586D /* MainTableViewController.m */; };
		0CDB2A771C884877003B586D /* MainTableViewController.m in Sources */ = {isa = PBXBuildFile; fileRef = 0CDB2A751C884877003B586D /* MainTableViewController.m */; };
		0CDB2A781C884877003B586D /* MainTableViewController.m in Sources */ = {isa = PBXBuildFile; fileRef = 0CDB2A751C884877003B586D /* MainTableViewController.m */; };
		0CDB2A7C1C88577C003B586D /* eventManager.m in Sources */ = {isa = PBXBuildFile; fileRef = 0CDB2A7B1C88577C003B586D /* eventManager.m */; };
		0CDB2A7D1C88577C003B586D /* eventManager.m in Sources */ = {isa = PBXBuildFile; fileRef = 0CDB2A7B1C88577C003B586D /* eventManager.m */; };
		0CDB2A7E1C88577C003B586D /* eventManager.m in Sources */ = {isa = PBXBuildFile; fileRef = 0CDB2A7B1C88577C003B586D /* eventManager.m */; };
		0CDB2A801C8857AE003B586D /* EventKit.framework in Frameworks */ = {isa = PBXBuildFile; fileRef = 0CDB2A7F1C8857AE003B586D /* EventKit.framework */; };
/* End PBXBuildFile section */

/* Begin PBXContainerItemProxy section */
		0CDB2A491C8843E6003B586D /* PBXContainerItemProxy */ = {
			isa = PBXContainerItemProxy;
			containerPortal = 0CDB2A271C8843E6003B586D /* Project object */;
			proxyType = 1;
			remoteGlobalIDString = 0CDB2A2E1C8843E6003B586D;
			remoteInfo = demoApp;
		};
		0CDB2A541C8843E6003B586D /* PBXContainerItemProxy */ = {
			isa = PBXContainerItemProxy;
			containerPortal = 0CDB2A271C8843E6003B586D /* Project object */;
			proxyType = 1;
			remoteGlobalIDString = 0CDB2A2E1C8843E6003B586D;
			remoteInfo = demoApp;
		};
/* End PBXContainerItemProxy section */

/* Begin PBXFileReference section */
		0C9FF28F1C9075DF00CAA309 /* AddEventViewController.h */ = {isa = PBXFileReference; fileEncoding = 4; lastKnownFileType = sourcecode.c.h; path = AddEventViewController.h; sourceTree = "<group>"; };
		0C9FF2901C9075DF00CAA309 /* AddEventViewController.m */ = {isa = PBXFileReference; fileEncoding = 4; lastKnownFileType = sourcecode.c.objc; path = AddEventViewController.m; sourceTree = "<group>"; };
		0C9FF2951C90999D00CAA309 /* placeholder.png */ = {isa = PBXFileReference; lastKnownFileType = image.png; path = placeholder.png; sourceTree = "<group>"; };
		0C9FF2991C909B5800CAA309 /* DatePickerViewController.h */ = {isa = PBXFileReference; fileEncoding = 4; lastKnownFileType = sourcecode.c.h; path = DatePickerViewController.h; sourceTree = "<group>"; };
		0C9FF29A1C909B5800CAA309 /* DatePickerViewController.m */ = {isa = PBXFileReference; fileEncoding = 4; lastKnownFileType = sourcecode.c.objc; path = DatePickerViewController.m; sourceTree = "<group>"; };
		0C9FF29F1C90A9F400CAA309 /* AbstractActionSheetPicker.h */ = {isa = PBXFileReference; fileEncoding = 4; lastKnownFileType = sourcecode.c.h; path = AbstractActionSheetPicker.h; sourceTree = "<group>"; };
		0C9FF2A01C90A9F400CAA309 /* AbstractActionSheetPicker.m */ = {isa = PBXFileReference; fileEncoding = 4; lastKnownFileType = sourcecode.c.objc; path = AbstractActionSheetPicker.m; sourceTree = "<group>"; };
		0C9FF2A11C90A9F400CAA309 /* ActionSheetCustomPicker.h */ = {isa = PBXFileReference; fileEncoding = 4; lastKnownFileType = sourcecode.c.h; path = ActionSheetCustomPicker.h; sourceTree = "<group>"; };
		0C9FF2A21C90A9F400CAA309 /* ActionSheetCustomPicker.m */ = {isa = PBXFileReference; fileEncoding = 4; lastKnownFileType = sourcecode.c.objc; path = ActionSheetCustomPicker.m; sourceTree = "<group>"; };
		0C9FF2A31C90A9F400CAA309 /* ActionSheetCustomPickerDelegate.h */ = {isa = PBXFileReference; fileEncoding = 4; lastKnownFileType = sourcecode.c.h; path = ActionSheetCustomPickerDelegate.h; sourceTree = "<group>"; };
		0C9FF2A41C90A9F400CAA309 /* ActionSheetDatePicker.h */ = {isa = PBXFileReference; fileEncoding = 4; lastKnownFileType = sourcecode.c.h; path = ActionSheetDatePicker.h; sourceTree = "<group>"; };
		0C9FF2A51C90A9F400CAA309 /* ActionSheetDatePicker.m */ = {isa = PBXFileReference; fileEncoding = 4; lastKnownFileType = sourcecode.c.objc; path = ActionSheetDatePicker.m; sourceTree = "<group>"; };
		0C9FF2A61C90A9F400CAA309 /* ActionSheetDistancePicker.h */ = {isa = PBXFileReference; fileEncoding = 4; lastKnownFileType = sourcecode.c.h; path = ActionSheetDistancePicker.h; sourceTree = "<group>"; };
		0C9FF2A71C90A9F400CAA309 /* ActionSheetDistancePicker.m */ = {isa = PBXFileReference; fileEncoding = 4; lastKnownFileType = sourcecode.c.objc; path = ActionSheetDistancePicker.m; sourceTree = "<group>"; };
		0C9FF2A81C90A9F400CAA309 /* ActionSheetLocalePicker.h */ = {isa = PBXFileReference; fileEncoding = 4; lastKnownFileType = sourcecode.c.h; path = ActionSheetLocalePicker.h; sourceTree = "<group>"; };
		0C9FF2A91C90A9F400CAA309 /* ActionSheetLocalePicker.m */ = {isa = PBXFileReference; fileEncoding = 4; lastKnownFileType = sourcecode.c.objc; path = ActionSheetLocalePicker.m; sourceTree = "<group>"; };
		0C9FF2AA1C90A9F400CAA309 /* ActionSheetMultipleStringPicker.h */ = {isa = PBXFileReference; fileEncoding = 4; lastKnownFileType = sourcecode.c.h; path = ActionSheetMultipleStringPicker.h; sourceTree = "<group>"; };
		0C9FF2AB1C90A9F400CAA309 /* ActionSheetMultipleStringPicker.m */ = {isa = PBXFileReference; fileEncoding = 4; lastKnownFileType = sourcecode.c.objc; path = ActionSheetMultipleStringPicker.m; sourceTree = "<group>"; };
		0C9FF2AC1C90A9F400CAA309 /* ActionSheetPicker.h */ = {isa = PBXFileReference; fileEncoding = 4; lastKnownFileType = sourcecode.c.h; path = ActionSheetPicker.h; sourceTree = "<group>"; };
		0C9FF2AD1C90A9F400CAA309 /* ActionSheetStringPicker.h */ = {isa = PBXFileReference; fileEncoding = 4; lastKnownFileType = sourcecode.c.h; path = ActionSheetStringPicker.h; sourceTree = "<group>"; };
		0C9FF2AE1C90A9F400CAA309 /* ActionSheetStringPicker.m */ = {isa = PBXFileReference; fileEncoding = 4; lastKnownFileType = sourcecode.c.objc; path = ActionSheetStringPicker.m; sourceTree = "<group>"; };
		0C9FF2AF1C90A9F400CAA309 /* DistancePickerView.h */ = {isa = PBXFileReference; fileEncoding = 4; lastKnownFileType = sourcecode.c.h; path = DistancePickerView.h; sourceTree = "<group>"; };
		0C9FF2B01C90A9F400CAA309 /* DistancePickerView.m */ = {isa = PBXFileReference; fileEncoding = 4; lastKnownFileType = sourcecode.c.objc; path = DistancePickerView.m; sourceTree = "<group>"; };
		0C9FF2B11C90A9F400CAA309 /* SWActionSheet.h */ = {isa = PBXFileReference; fileEncoding = 4; lastKnownFileType = sourcecode.c.h; path = SWActionSheet.h; sourceTree = "<group>"; };
		0C9FF2B21C90A9F400CAA309 /* SWActionSheet.m */ = {isa = PBXFileReference; fileEncoding = 4; lastKnownFileType = sourcecode.c.objc; path = SWActionSheet.m; sourceTree = "<group>"; };
		0C9FF2D01C934FA400CAA309 /* TPKeyboardAvoidingCollectionView.h */ = {isa = PBXFileReference; fileEncoding = 4; lastKnownFileType = sourcecode.c.h; path = TPKeyboardAvoidingCollectionView.h; sourceTree = "<group>"; };
		0C9FF2D11C934FA400CAA309 /* TPKeyboardAvoidingCollectionView.m */ = {isa = PBXFileReference; fileEncoding = 4; lastKnownFileType = sourcecode.c.objc; path = TPKeyboardAvoidingCollectionView.m; sourceTree = "<group>"; };
		0C9FF2D21C934FA400CAA309 /* TPKeyboardAvoidingScrollView.h */ = {isa = PBXFileReference; fileEncoding = 4; lastKnownFileType = sourcecode.c.h; path = TPKeyboardAvoidingScrollView.h; sourceTree = "<group>"; };
		0C9FF2D31C934FA400CAA309 /* TPKeyboardAvoidingScrollView.m */ = {isa = PBXFileReference; fileEncoding = 4; lastKnownFileType = sourcecode.c.objc; path = TPKeyboardAvoidingScrollView.m; sourceTree = "<group>"; };
		0C9FF2D41C934FA400CAA309 /* TPKeyboardAvoidingTableView.h */ = {isa = PBXFileReference; fileEncoding = 4; lastKnownFileType = sourcecode.c.h; path = TPKeyboardAvoidingTableView.h; sourceTree = "<group>"; };
		0C9FF2D51C934FA400CAA309 /* TPKeyboardAvoidingTableView.m */ = {isa = PBXFileReference; fileEncoding = 4; lastKnownFileType = sourcecode.c.objc; path = TPKeyboardAvoidingTableView.m; sourceTree = "<group>"; };
		0C9FF2D61C934FA400CAA309 /* UIScrollView+TPKeyboardAvoidingAdditions.h */ = {isa = PBXFileReference; fileEncoding = 4; lastKnownFileType = sourcecode.c.h; path = "UIScrollView+TPKeyboardAvoidingAdditions.h"; sourceTree = "<group>"; };
		0C9FF2D71C934FA400CAA309 /* UIScrollView+TPKeyboardAvoidingAdditions.m */ = {isa = PBXFileReference; fileEncoding = 4; lastKnownFileType = sourcecode.c.objc; path = "UIScrollView+TPKeyboardAvoidingAdditions.m"; sourceTree = "<group>"; };
		0CDB2A2F1C8843E6003B586D /* demoApp.app */ = {isa = PBXFileReference; explicitFileType = wrapper.application; includeInIndex = 0; path = demoApp.app; sourceTree = BUILT_PRODUCTS_DIR; };
		0CDB2A331C8843E6003B586D /* main.m */ = {isa = PBXFileReference; lastKnownFileType = sourcecode.c.objc; path = main.m; sourceTree = "<group>"; };
		0CDB2A351C8843E6003B586D /* AppDelegate.h */ = {isa = PBXFileReference; lastKnownFileType = sourcecode.c.h; path = AppDelegate.h; sourceTree = "<group>"; };
		0CDB2A361C8843E6003B586D /* AppDelegate.m */ = {isa = PBXFileReference; lastKnownFileType = sourcecode.c.objc; path = AppDelegate.m; sourceTree = "<group>"; };
		0CDB2A381C8843E6003B586D /* ViewController.h */ = {isa = PBXFileReference; lastKnownFileType = sourcecode.c.h; path = ViewController.h; sourceTree = "<group>"; };
		0CDB2A391C8843E6003B586D /* ViewController.m */ = {isa = PBXFileReference; lastKnownFileType = sourcecode.c.objc; path = ViewController.m; sourceTree = "<group>"; };
		0CDB2A3C1C8843E6003B586D /* Base */ = {isa = PBXFileReference; lastKnownFileType = file.storyboard; name = Base; path = Base.lproj/Main.storyboard; sourceTree = "<group>"; };
		0CDB2A3E1C8843E6003B586D /* Assets.xcassets */ = {isa = PBXFileReference; lastKnownFileType = folder.assetcatalog; path = Assets.xcassets; sourceTree = "<group>"; };
		0CDB2A411C8843E6003B586D /* Base */ = {isa = PBXFileReference; lastKnownFileType = file.storyboard; name = Base; path = Base.lproj/LaunchScreen.storyboard; sourceTree = "<group>"; };
		0CDB2A431C8843E6003B586D /* Info.plist */ = {isa = PBXFileReference; lastKnownFileType = text.plist.xml; path = Info.plist; sourceTree = "<group>"; };
		0CDB2A481C8843E6003B586D /* demoAppTests.xctest */ = {isa = PBXFileReference; explicitFileType = wrapper.cfbundle; includeInIndex = 0; path = demoAppTests.xctest; sourceTree = BUILT_PRODUCTS_DIR; };
		0CDB2A4C1C8843E6003B586D /* demoAppTests.m */ = {isa = PBXFileReference; lastKnownFileType = sourcecode.c.objc; path = demoAppTests.m; sourceTree = "<group>"; };
		0CDB2A4E1C8843E6003B586D /* Info.plist */ = {isa = PBXFileReference; lastKnownFileType = text.plist.xml; path = Info.plist; sourceTree = "<group>"; };
		0CDB2A531C8843E6003B586D /* demoAppUITests.xctest */ = {isa = PBXFileReference; explicitFileType = wrapper.cfbundle; includeInIndex = 0; path = demoAppUITests.xctest; sourceTree = BUILT_PRODUCTS_DIR; };
		0CDB2A571C8843E6003B586D /* demoAppUITests.m */ = {isa = PBXFileReference; lastKnownFileType = sourcecode.c.objc; path = demoAppUITests.m; sourceTree = "<group>"; };
		0CDB2A591C8843E6003B586D /* Info.plist */ = {isa = PBXFileReference; lastKnownFileType = text.plist.xml; path = Info.plist; sourceTree = "<group>"; };
		0CDB2A661C88454D003B586D /* FBSDKCoreKit.framework */ = {isa = PBXFileReference; lastKnownFileType = wrapper.framework; path = FBSDKCoreKit.framework; sourceTree = "<group>"; };
		0CDB2A671C88454D003B586D /* FBSDKLoginKit.framework */ = {isa = PBXFileReference; lastKnownFileType = wrapper.framework; path = FBSDKLoginKit.framework; sourceTree = "<group>"; };
		0CDB2A681C88454D003B586D /* FBSDKShareKit.framework */ = {isa = PBXFileReference; lastKnownFileType = wrapper.framework; path = FBSDKShareKit.framework; sourceTree = "<group>"; };
		0CDB2A721C884606003B586D /* Default-568h@2x.png */ = {isa = PBXFileReference; lastKnownFileType = image.png; path = "Default-568h@2x.png"; sourceTree = "<group>"; };
		0CDB2A741C884877003B586D /* MainTableViewController.h */ = {isa = PBXFileReference; fileEncoding = 4; lastKnownFileType = sourcecode.c.h; path = MainTableViewController.h; sourceTree = "<group>"; };
		0CDB2A751C884877003B586D /* MainTableViewController.m */ = {isa = PBXFileReference; fileEncoding = 4; lastKnownFileType = sourcecode.c.objc; path = MainTableViewController.m; sourceTree = "<group>"; };
		0CDB2A7A1C88577C003B586D /* eventManager.h */ = {isa = PBXFileReference; fileEncoding = 4; lastKnownFileType = sourcecode.c.h; path = eventManager.h; sourceTree = "<group>"; };
		0CDB2A7B1C88577C003B586D /* eventManager.m */ = {isa = PBXFileReference; fileEncoding = 4; lastKnownFileType = sourcecode.c.objc; path = eventManager.m; sourceTree = "<group>"; };
		0CDB2A7F1C8857AE003B586D /* EventKit.framework */ = {isa = PBXFileReference; lastKnownFileType = wrapper.framework; name = EventKit.framework; path = System/Library/Frameworks/EventKit.framework; sourceTree = SDKROOT; };
/* End PBXFileReference section */

/* Begin PBXFrameworksBuildPhase section */
		0CDB2A2C1C8843E6003B586D /* Frameworks */ = {
			isa = PBXFrameworksBuildPhase;
			buildActionMask = 2147483647;
			files = (
				0CDB2A801C8857AE003B586D /* EventKit.framework in Frameworks */,
				0CDB2A6C1C88454D003B586D /* FBSDKLoginKit.framework in Frameworks */,
				0CDB2A691C88454D003B586D /* FBSDKCoreKit.framework in Frameworks */,
				0CDB2A6F1C88454D003B586D /* FBSDKShareKit.framework in Frameworks */,
			);
			runOnlyForDeploymentPostprocessing = 0;
		};
		0CDB2A451C8843E6003B586D /* Frameworks */ = {
			isa = PBXFrameworksBuildPhase;
			buildActionMask = 2147483647;
			files = (
				0CDB2A6D1C88454D003B586D /* FBSDKLoginKit.framework in Frameworks */,
				0CDB2A6A1C88454D003B586D /* FBSDKCoreKit.framework in Frameworks */,
				0CDB2A701C88454D003B586D /* FBSDKShareKit.framework in Frameworks */,
			);
			runOnlyForDeploymentPostprocessing = 0;
		};
		0CDB2A501C8843E6003B586D /* Frameworks */ = {
			isa = PBXFrameworksBuildPhase;
			buildActionMask = 2147483647;
			files = (
				0CDB2A6E1C88454D003B586D /* FBSDKLoginKit.framework in Frameworks */,
				0CDB2A6B1C88454D003B586D /* FBSDKCoreKit.framework in Frameworks */,
				0CDB2A711C88454D003B586D /* FBSDKShareKit.framework in Frameworks */,
			);
			runOnlyForDeploymentPostprocessing = 0;
		};
/* End PBXFrameworksBuildPhase section */

/* Begin PBXGroup section */
		0C9FF29E1C90A9E100CAA309 /* picker */ = {
			isa = PBXGroup;
			children = (
				0C9FF29F1C90A9F400CAA309 /* AbstractActionSheetPicker.h */,
				0C9FF2A01C90A9F400CAA309 /* AbstractActionSheetPicker.m */,
				0C9FF2A11C90A9F400CAA309 /* ActionSheetCustomPicker.h */,
				0C9FF2A21C90A9F400CAA309 /* ActionSheetCustomPicker.m */,
				0C9FF2A31C90A9F400CAA309 /* ActionSheetCustomPickerDelegate.h */,
				0C9FF2A41C90A9F400CAA309 /* ActionSheetDatePicker.h */,
				0C9FF2A51C90A9F400CAA309 /* ActionSheetDatePicker.m */,
				0C9FF2A61C90A9F400CAA309 /* ActionSheetDistancePicker.h */,
				0C9FF2A71C90A9F400CAA309 /* ActionSheetDistancePicker.m */,
				0C9FF2A81C90A9F400CAA309 /* ActionSheetLocalePicker.h */,
				0C9FF2A91C90A9F400CAA309 /* ActionSheetLocalePicker.m */,
				0C9FF2AA1C90A9F400CAA309 /* ActionSheetMultipleStringPicker.h */,
				0C9FF2AB1C90A9F400CAA309 /* ActionSheetMultipleStringPicker.m */,
				0C9FF2AC1C90A9F400CAA309 /* ActionSheetPicker.h */,
				0C9FF2AD1C90A9F400CAA309 /* ActionSheetStringPicker.h */,
				0C9FF2AE1C90A9F400CAA309 /* ActionSheetStringPicker.m */,
				0C9FF2AF1C90A9F400CAA309 /* DistancePickerView.h */,
				0C9FF2B01C90A9F400CAA309 /* DistancePickerView.m */,
				0C9FF2B11C90A9F400CAA309 /* SWActionSheet.h */,
				0C9FF2B21C90A9F400CAA309 /* SWActionSheet.m */,
			);
			name = picker;
			sourceTree = "<group>";
		};
		0C9FF2CF1C9329D600CAA309 /* TPKeyboard */ = {
			isa = PBXGroup;
			children = (
				0C9FF2D01C934FA400CAA309 /* TPKeyboardAvoidingCollectionView.h */,
				0C9FF2D11C934FA400CAA309 /* TPKeyboardAvoidingCollectionView.m */,
				0C9FF2D21C934FA400CAA309 /* TPKeyboardAvoidingScrollView.h */,
				0C9FF2D31C934FA400CAA309 /* TPKeyboardAvoidingScrollView.m */,
				0C9FF2D41C934FA400CAA309 /* TPKeyboardAvoidingTableView.h */,
				0C9FF2D51C934FA400CAA309 /* TPKeyboardAvoidingTableView.m */,
				0C9FF2D61C934FA400CAA309 /* UIScrollView+TPKeyboardAvoidingAdditions.h */,
				0C9FF2D71C934FA400CAA309 /* UIScrollView+TPKeyboardAvoidingAdditions.m */,
			);
			name = TPKeyboard;
			path = ..;
			sourceTree = "<group>";
		};
		0CDB2A261C8843E6003B586D = {
			isa = PBXGroup;
			children = (
				0CDB2A311C8843E6003B586D /* demoApp */,
				0CDB2A721C884606003B586D /* Default-568h@2x.png */,
				0CDB2A651C884480003B586D /* Frameworks */,
				0CDB2A4B1C8843E6003B586D /* demoAppTests */,
				0CDB2A561C8843E6003B586D /* demoAppUITests */,
				0CDB2A301C8843E6003B586D /* Products */,
			);
			sourceTree = "<group>";
		};
		0CDB2A301C8843E6003B586D /* Products */ = {
			isa = PBXGroup;
			children = (
				0CDB2A2F1C8843E6003B586D /* demoApp.app */,
				0CDB2A481C8843E6003B586D /* demoAppTests.xctest */,
				0CDB2A531C8843E6003B586D /* demoAppUITests.xctest */,
			);
			name = Products;
			sourceTree = "<group>";
		};
		0CDB2A311C8843E6003B586D /* demoApp */ = {
			isa = PBXGroup;
			children = (
				0C9FF2CF1C9329D600CAA309 /* TPKeyboard */,
				0C9FF29E1C90A9E100CAA309 /* picker */,
				0C9FF2951C90999D00CAA309 /* placeholder.png */,
				0CDB2A351C8843E6003B586D /* AppDelegate.h */,
				0CDB2A361C8843E6003B586D /* AppDelegate.m */,
				0CDB2A381C8843E6003B586D /* ViewController.h */,
				0CDB2A391C8843E6003B586D /* ViewController.m */,
				0CDB2A3B1C8843E6003B586D /* Main.storyboard */,
				0C9FF2991C909B5800CAA309 /* DatePickerViewController.h */,
				0C9FF29A1C909B5800CAA309 /* DatePickerViewController.m */,
				0C9FF28F1C9075DF00CAA309 /* AddEventViewController.h */,
				0C9FF2901C9075DF00CAA309 /* AddEventViewController.m */,
				0CDB2A741C884877003B586D /* MainTableViewController.h */,
				0CDB2A751C884877003B586D /* MainTableViewController.m */,
				0CDB2A3E1C8843E6003B586D /* Assets.xcassets */,
				0CDB2A401C8843E6003B586D /* LaunchScreen.storyboard */,
				0CDB2A431C8843E6003B586D /* Info.plist */,
				0CDB2A321C8843E6003B586D /* Supporting Files */,
				0CDB2A7A1C88577C003B586D /* eventManager.h */,
				0CDB2A7B1C88577C003B586D /* eventManager.m */,
			);
			path = demoApp;
			sourceTree = "<group>";
		};
		0CDB2A321C8843E6003B586D /* Supporting Files */ = {
			isa = PBXGroup;
			children = (
				0CDB2A331C8843E6003B586D /* main.m */,
			);
			name = "Supporting Files";
			sourceTree = "<group>";
		};
		0CDB2A4B1C8843E6003B586D /* demoAppTests */ = {
			isa = PBXGroup;
			children = (
				0CDB2A4C1C8843E6003B586D /* demoAppTests.m */,
				0CDB2A4E1C8843E6003B586D /* Info.plist */,
			);
			path = demoAppTests;
			sourceTree = "<group>";
		};
		0CDB2A561C8843E6003B586D /* demoAppUITests */ = {
			isa = PBXGroup;
			children = (
				0CDB2A571C8843E6003B586D /* demoAppUITests.m */,
				0CDB2A591C8843E6003B586D /* Info.plist */,
			);
			path = demoAppUITests;
			sourceTree = "<group>";
		};
		0CDB2A651C884480003B586D /* Frameworks */ = {
			isa = PBXGroup;
			children = (
				0CDB2A7F1C8857AE003B586D /* EventKit.framework */,
				0CDB2A661C88454D003B586D /* FBSDKCoreKit.framework */,
				0CDB2A671C88454D003B586D /* FBSDKLoginKit.framework */,
				0CDB2A681C88454D003B586D /* FBSDKShareKit.framework */,
			);
			name = Frameworks;
			sourceTree = "<group>";
		};
/* End PBXGroup section */

/* Begin PBXNativeTarget section */
		0CDB2A2E1C8843E6003B586D /* demoApp */ = {
			isa = PBXNativeTarget;
			buildConfigurationList = 0CDB2A5C1C8843E6003B586D /* Build configuration list for PBXNativeTarget "demoApp" */;
			buildPhases = (
				0CDB2A2B1C8843E6003B586D /* Sources */,
				0CDB2A2C1C8843E6003B586D /* Frameworks */,
				0CDB2A2D1C8843E6003B586D /* Resources */,
			);
			buildRules = (
			);
			dependencies = (
			);
			name = demoApp;
			productName = demoApp;
			productReference = 0CDB2A2F1C8843E6003B586D /* demoApp.app */;
			productType = "com.apple.product-type.application";
		};
		0CDB2A471C8843E6003B586D /* demoAppTests */ = {
			isa = PBXNativeTarget;
			buildConfigurationList = 0CDB2A5F1C8843E6003B586D /* Build configuration list for PBXNativeTarget "demoAppTests" */;
			buildPhases = (
				0CDB2A441C8843E6003B586D /* Sources */,
				0CDB2A451C8843E6003B586D /* Frameworks */,
				0CDB2A461C8843E6003B586D /* Resources */,
			);
			buildRules = (
			);
			dependencies = (
				0CDB2A4A1C8843E6003B586D /* PBXTargetDependency */,
			);
			name = demoAppTests;
			productName = demoAppTests;
			productReference = 0CDB2A481C8843E6003B586D /* demoAppTests.xctest */;
			productType = "com.apple.product-type.bundle.unit-test";
		};
		0CDB2A521C8843E6003B586D /* demoAppUITests */ = {
			isa = PBXNativeTarget;
			buildConfigurationList = 0CDB2A621C8843E6003B586D /* Build configuration list for PBXNativeTarget "demoAppUITests" */;
			buildPhases = (
				0CDB2A4F1C8843E6003B586D /* Sources */,
				0CDB2A501C8843E6003B586D /* Frameworks */,
				0CDB2A511C8843E6003B586D /* Resources */,
			);
			buildRules = (
			);
			dependencies = (
				0CDB2A551C8843E6003B586D /* PBXTargetDependency */,
			);
			name = demoAppUITests;
			productName = demoAppUITests;
			productReference = 0CDB2A531C8843E6003B586D /* demoAppUITests.xctest */;
			productType = "com.apple.product-type.bundle.ui-testing";
		};
/* End PBXNativeTarget section */

/* Begin PBXProject section */
		0CDB2A271C8843E6003B586D /* Project object */ = {
			isa = PBXProject;
			attributes = {
				LastUpgradeCheck = 0720;
				ORGANIZATIONNAME = myCompany;
				TargetAttributes = {
					0CDB2A2E1C8843E6003B586D = {
						CreatedOnToolsVersion = 7.2.1;
						DevelopmentTeam = TEF249YVAA;
					};
					0CDB2A471C8843E6003B586D = {
						CreatedOnToolsVersion = 7.2.1;
						TestTargetID = 0CDB2A2E1C8843E6003B586D;
					};
					0CDB2A521C8843E6003B586D = {
						CreatedOnToolsVersion = 7.2.1;
						TestTargetID = 0CDB2A2E1C8843E6003B586D;
					};
				};
			};
			buildConfigurationList = 0CDB2A2A1C8843E6003B586D /* Build configuration list for PBXProject "demoApp" */;
			compatibilityVersion = "Xcode 3.2";
			developmentRegion = English;
			hasScannedForEncodings = 0;
			knownRegions = (
				en,
				Base,
			);
			mainGroup = 0CDB2A261C8843E6003B586D;
			productRefGroup = 0CDB2A301C8843E6003B586D /* Products */;
			projectDirPath = "";
			projectRoot = "";
			targets = (
				0CDB2A2E1C8843E6003B586D /* demoApp */,
				0CDB2A471C8843E6003B586D /* demoAppTests */,
				0CDB2A521C8843E6003B586D /* demoAppUITests */,
			);
		};
/* End PBXProject section */

/* Begin PBXResourcesBuildPhase section */
		0CDB2A2D1C8843E6003B586D /* Resources */ = {
			isa = PBXResourcesBuildPhase;
			buildActionMask = 2147483647;
			files = (
				0CDB2A421C8843E6003B586D /* LaunchScreen.storyboard in Resources */,
				0CDB2A731C884606003B586D /* Default-568h@2x.png in Resources */,
				0CDB2A3F1C8843E6003B586D /* Assets.xcassets in Resources */,
				0C9FF2961C90999D00CAA309 /* placeholder.png in Resources */,
				0CDB2A3D1C8843E6003B586D /* Main.storyboard in Resources */,
			);
			runOnlyForDeploymentPostprocessing = 0;
		};
		0CDB2A461C8843E6003B586D /* Resources */ = {
			isa = PBXResourcesBuildPhase;
			buildActionMask = 2147483647;
			files = (
				0C9FF2971C90999D00CAA309 /* placeholder.png in Resources */,
			);
			runOnlyForDeploymentPostprocessing = 0;
		};
		0CDB2A511C8843E6003B586D /* Resources */ = {
			isa = PBXResourcesBuildPhase;
			buildActionMask = 2147483647;
			files = (
				0C9FF2981C90999D00CAA309 /* placeholder.png in Resources */,
			);
			runOnlyForDeploymentPostprocessing = 0;
		};
/* End PBXResourcesBuildPhase section */

/* Begin PBXSourcesBuildPhase section */
		0CDB2A2B1C8843E6003B586D /* Sources */ = {
			isa = PBXSourcesBuildPhase;
			buildActionMask = 2147483647;
			files = (
				0C9FF2BC1C90A9F400CAA309 /* ActionSheetDistancePicker.m in Sources */,
				0C9FF2D81C934FA400CAA309 /* TPKeyboardAvoidingCollectionView.m in Sources */,
				0C9FF2C21C90A9F400CAA309 /* ActionSheetMultipleStringPicker.m in Sources */,
				0CDB2A761C884877003B586D /* MainTableViewController.m in Sources */,
				0C9FF2B91C90A9F400CAA309 /* ActionSheetDatePicker.m in Sources */,
				0C9FF2C51C90A9F400CAA309 /* ActionSheetStringPicker.m in Sources */,
				0C9FF29B1C909B5800CAA309 /* DatePickerViewController.m in Sources */,
				0C9FF2C81C90A9F400CAA309 /* DistancePickerView.m in Sources */,
				0CDB2A3A1C8843E6003B586D /* ViewController.m in Sources */,
				0C9FF2DB1C934FA400CAA309 /* UIScrollView+TPKeyboardAvoidingAdditions.m in Sources */,
				0CDB2A371C8843E6003B586D /* AppDelegate.m in Sources */,
				0CDB2A341C8843E6003B586D /* main.m in Sources */,
				0CDB2A7C1C88577C003B586D /* eventManager.m in Sources */,
				0C9FF2DA1C934FA400CAA309 /* TPKeyboardAvoidingTableView.m in Sources */,
				0C9FF2CB1C90A9F400CAA309 /* SWActionSheet.m in Sources */,
				0C9FF2911C9075DF00CAA309 /* AddEventViewController.m in Sources */,
				0C9FF2BF1C90A9F400CAA309 /* ActionSheetLocalePicker.m in Sources */,
				0C9FF2D91C934FA400CAA309 /* TPKeyboardAvoidingScrollView.m in Sources */,
				0C9FF2B31C90A9F400CAA309 /* AbstractActionSheetPicker.m in Sources */,
				0C9FF2B61C90A9F400CAA309 /* ActionSheetCustomPicker.m in Sources */,
			);
			runOnlyForDeploymentPostprocessing = 0;
		};
		0CDB2A441C8843E6003B586D /* Sources */ = {
			isa = PBXSourcesBuildPhase;
			buildActionMask = 2147483647;
			files = (
				0C9FF2C61C90A9F400CAA309 /* ActionSheetStringPicker.m in Sources */,
				0C9FF2BD1C90A9F400CAA309 /* ActionSheetDistancePicker.m in Sources */,
				0C9FF2C01C90A9F400CAA309 /* ActionSheetLocalePicker.m in Sources */,
				0CDB2A771C884877003B586D /* MainTableViewController.m in Sources */,
				0C9FF2C91C90A9F400CAA309 /* DistancePickerView.m in Sources */,
				0C9FF2921C9075DF00CAA309 /* AddEventViewController.m in Sources */,
				0CDB2A7D1C88577C003B586D /* eventManager.m in Sources */,
				0C9FF2CC1C90A9F400CAA309 /* SWActionSheet.m in Sources */,
				0C9FF2C31C90A9F400CAA309 /* ActionSheetMultipleStringPicker.m in Sources */,
				0C9FF2B41C90A9F400CAA309 /* AbstractActionSheetPicker.m in Sources */,
				0C9FF29C1C909B5800CAA309 /* DatePickerViewController.m in Sources */,
				0C9FF2BA1C90A9F400CAA309 /* ActionSheetDatePicker.m in Sources */,
				0CDB2A4D1C8843E6003B586D /* demoAppTests.m in Sources */,
				0C9FF2B71C90A9F400CAA309 /* ActionSheetCustomPicker.m in Sources */,
			);
			runOnlyForDeploymentPostprocessing = 0;
		};
		0CDB2A4F1C8843E6003B586D /* Sources */ = {
			isa = PBXSourcesBuildPhase;
			buildActionMask = 2147483647;
			files = (
				0C9FF2C71C90A9F400CAA309 /* ActionSheetStringPicker.m in Sources */,
				0C9FF2BE1C90A9F400CAA309 /* ActionSheetDistancePicker.m in Sources */,
				0C9FF2C11C90A9F400CAA309 /* ActionSheetLocalePicker.m in Sources */,
				0CDB2A781C884877003B586D /* MainTableViewController.m in Sources */,
				0C9FF2CA1C90A9F400CAA309 /* DistancePickerView.m in Sources */,
				0C9FF2931C9075DF00CAA309 /* AddEventViewController.m in Sources */,
				0CDB2A7E1C88577C003B586D /* eventManager.m in Sources */,
				0C9FF2CD1C90A9F400CAA309 /* SWActionSheet.m in Sources */,
				0C9FF2C41C90A9F400CAA309 /* ActionSheetMultipleStringPicker.m in Sources */,
				0C9FF2B51C90A9F400CAA309 /* AbstractActionSheetPicker.m in Sources */,
				0C9FF29D1C909B5800CAA309 /* DatePickerViewController.m in Sources */,
				0C9FF2BB1C90A9F400CAA309 /* ActionSheetDatePicker.m in Sources */,
				0CDB2A581C8843E6003B586D /* demoAppUITests.m in Sources */,
				0C9FF2B81C90A9F400CAA309 /* ActionSheetCustomPicker.m in Sources */,
			);
			runOnlyForDeploymentPostprocessing = 0;
		};
/* End PBXSourcesBuildPhase section */

/* Begin PBXTargetDependency section */
		0CDB2A4A1C8843E6003B586D /* PBXTargetDependency */ = {
			isa = PBXTargetDependency;
			target = 0CDB2A2E1C8843E6003B586D /* demoApp */;
			targetProxy = 0CDB2A491C8843E6003B586D /* PBXContainerItemProxy */;
		};
		0CDB2A551C8843E6003B586D /* PBXTargetDependency */ = {
			isa = PBXTargetDependency;
			target = 0CDB2A2E1C8843E6003B586D /* demoApp */;
			targetProxy = 0CDB2A541C8843E6003B586D /* PBXContainerItemProxy */;
		};
/* End PBXTargetDependency section */

/* Begin PBXVariantGroup section */
		0CDB2A3B1C8843E6003B586D /* Main.storyboard */ = {
			isa = PBXVariantGroup;
			children = (
				0CDB2A3C1C8843E6003B586D /* Base */,
			);
			name = Main.storyboard;
			sourceTree = "<group>";
		};
		0CDB2A401C8843E6003B586D /* LaunchScreen.storyboard */ = {
			isa = PBXVariantGroup;
			children = (
				0CDB2A411C8843E6003B586D /* Base */,
			);
			name = LaunchScreen.storyboard;
			sourceTree = "<group>";
		};
/* End PBXVariantGroup section */

/* Begin XCBuildConfiguration section */
		0CDB2A5A1C8843E6003B586D /* Debug */ = {
			isa = XCBuildConfiguration;
			buildSettings = {
				ALWAYS_SEARCH_USER_PATHS = NO;
				CLANG_CXX_LANGUAGE_STANDARD = "gnu++0x";
				CLANG_CXX_LIBRARY = "libc++";
				CLANG_ENABLE_MODULES = YES;
				CLANG_ENABLE_OBJC_ARC = YES;
				CLANG_WARN_BOOL_CONVERSION = YES;
				CLANG_WARN_CONSTANT_CONVERSION = YES;
				CLANG_WARN_DIRECT_OBJC_ISA_USAGE = YES_ERROR;
				CLANG_WARN_EMPTY_BODY = YES;
				CLANG_WARN_ENUM_CONVERSION = YES;
				CLANG_WARN_INT_CONVERSION = YES;
				CLANG_WARN_OBJC_ROOT_CLASS = YES_ERROR;
				CLANG_WARN_UNREACHABLE_CODE = YES;
				CLANG_WARN__DUPLICATE_METHOD_MATCH = YES;
				"CODE_SIGN_IDENTITY[sdk=iphoneos*]" = "iPhone Developer";
				COPY_PHASE_STRIP = NO;
				DEBUG_INFORMATION_FORMAT = dwarf;
				ENABLE_STRICT_OBJC_MSGSEND = YES;
				ENABLE_TESTABILITY = YES;
				GCC_C_LANGUAGE_STANDARD = gnu99;
				GCC_DYNAMIC_NO_PIC = NO;
				GCC_NO_COMMON_BLOCKS = YES;
				GCC_OPTIMIZATION_LEVEL = 0;
				GCC_PREPROCESSOR_DEFINITIONS = (
					"DEBUG=1",
					"$(inherited)",
				);
				GCC_WARN_64_TO_32_BIT_CONVERSION = YES;
				GCC_WARN_ABOUT_RETURN_TYPE = YES_ERROR;
				GCC_WARN_UNDECLARED_SELECTOR = YES;
				GCC_WARN_UNINITIALIZED_AUTOS = YES_AGGRESSIVE;
				GCC_WARN_UNUSED_FUNCTION = YES;
				GCC_WARN_UNUSED_VARIABLE = YES;
				IPHONEOS_DEPLOYMENT_TARGET = 9.2;
				MTL_ENABLE_DEBUG_INFO = YES;
				ONLY_ACTIVE_ARCH = YES;
				SDKROOT = iphoneos;
			};
			name = Debug;
		};
		0CDB2A5B1C8843E6003B586D /* Release */ = {
			isa = XCBuildConfiguration;
			buildSettings = {
				ALWAYS_SEARCH_USER_PATHS = NO;
				CLANG_CXX_LANGUAGE_STANDARD = "gnu++0x";
				CLANG_CXX_LIBRARY = "libc++";
				CLANG_ENABLE_MODULES = YES;
				CLANG_ENABLE_OBJC_ARC = YES;
				CLANG_WARN_BOOL_CONVERSION = YES;
				CLANG_WARN_CONSTANT_CONVERSION = YES;
				CLANG_WARN_DIRECT_OBJC_ISA_USAGE = YES_ERROR;
				CLANG_WARN_EMPTY_BODY = YES;
				CLANG_WARN_ENUM_CONVERSION = YES;
				CLANG_WARN_INT_CONVERSION = YES;
				CLANG_WARN_OBJC_ROOT_CLASS = YES_ERROR;
				CLANG_WARN_UNREACHABLE_CODE = YES;
				CLANG_WARN__DUPLICATE_METHOD_MATCH = YES;
				"CODE_SIGN_IDENTITY[sdk=iphoneos*]" = "iPhone Developer";
				COPY_PHASE_STRIP = NO;
				DEBUG_INFORMATION_FORMAT = "dwarf-with-dsym";
				ENABLE_NS_ASSERTIONS = NO;
				ENABLE_STRICT_OBJC_MSGSEND = YES;
				GCC_C_LANGUAGE_STANDARD = gnu99;
				GCC_NO_COMMON_BLOCKS = YES;
				GCC_WARN_64_TO_32_BIT_CONVERSION = YES;
				GCC_WARN_ABOUT_RETURN_TYPE = YES_ERROR;
				GCC_WARN_UNDECLARED_SELECTOR = YES;
				GCC_WARN_UNINITIALIZED_AUTOS = YES_AGGRESSIVE;
				GCC_WARN_UNUSED_FUNCTION = YES;
				GCC_WARN_UNUSED_VARIABLE = YES;
				IPHONEOS_DEPLOYMENT_TARGET = 9.2;
				MTL_ENABLE_DEBUG_INFO = NO;
				SDKROOT = iphoneos;
				VALIDATE_PRODUCT = YES;
			};
			name = Release;
		};
		0CDB2A5D1C8843E6003B586D /* Debug */ = {
			isa = XCBuildConfiguration;
			buildSettings = {
				ASSETCATALOG_COMPILER_APPICON_NAME = AppIcon;
				CODE_SIGN_IDENTITY = "iPhone Developer";
				FRAMEWORK_SEARCH_PATHS = (
					"$(inherited)",
					"$(PROJECT_DIR)",
				);
				INFOPLIST_FILE = demoApp/Info.plist;
				LD_RUNPATH_SEARCH_PATHS = "$(inherited) @executable_path/Frameworks";
				PRODUCT_BUNDLE_IDENTIFIER = my.com.petronas.demoApp;
				PRODUCT_NAME = "$(TARGET_NAME)";
				PROVISIONING_PROFILE = "0806cfa0-7b2c-4405-a278-5df148b80d0c";
			};
			name = Debug;
		};
		0CDB2A5E1C8843E6003B586D /* Release */ = {
			isa = XCBuildConfiguration;
			buildSettings = {
				ASSETCATALOG_COMPILER_APPICON_NAME = AppIcon;
				CODE_SIGN_IDENTITY = "iPhone Developer";
				FRAMEWORK_SEARCH_PATHS = (
					"$(inherited)",
					"$(PROJECT_DIR)",
				);
				INFOPLIST_FILE = demoApp/Info.plist;
				LD_RUNPATH_SEARCH_PATHS = "$(inherited) @executable_path/Frameworks";
				PRODUCT_BUNDLE_IDENTIFIER = my.com.petronas.demoApp;
				PRODUCT_NAME = "$(TARGET_NAME)";
				PROVISIONING_PROFILE = "0806cfa0-7b2c-4405-a278-5df148b80d0c";
			};
			name = Release;
		};
		0CDB2A601C8843E6003B586D /* Debug */ = {
			isa = XCBuildConfiguration;
			buildSettings = {
				BUNDLE_LOADER = "$(TEST_HOST)";
				FRAMEWORK_SEARCH_PATHS = (
					"$(inherited)",
					"$(PROJECT_DIR)",
				);
				INFOPLIST_FILE = demoAppTests/Info.plist;
				LD_RUNPATH_SEARCH_PATHS = "$(inherited) @executable_path/Frameworks @loader_path/Frameworks";
				PRODUCT_BUNDLE_IDENTIFIER = my.com.company.demoAppTests;
				PRODUCT_NAME = "$(TARGET_NAME)";
				TEST_HOST = "$(BUILT_PRODUCTS_DIR)/demoApp.app/demoApp";
			};
			name = Debug;
		};
		0CDB2A611C8843E6003B586D /* Release */ = {
			isa = XCBuildConfiguration;
			buildSettings = {
				BUNDLE_LOADER = "$(TEST_HOST)";
				FRAMEWORK_SEARCH_PATHS = (
					"$(inherited)",
					"$(PROJECT_DIR)",
				);
				INFOPLIST_FILE = demoAppTests/Info.plist;
				LD_RUNPATH_SEARCH_PATHS = "$(inherited) @executable_path/Frameworks @loader_path/Frameworks";
				PRODUCT_BUNDLE_IDENTIFIER = my.com.company.demoAppTests;
				PRODUCT_NAME = "$(TARGET_NAME)";
				TEST_HOST = "$(BUILT_PRODUCTS_DIR)/demoApp.app/demoApp";
			};
			name = Release;
		};
		0CDB2A631C8843E6003B586D /* Debug */ = {
			isa = XCBuildConfiguration;
			buildSettings = {
				FRAMEWORK_SEARCH_PATHS = (
					"$(inherited)",
					"$(PROJECT_DIR)",
				);
				INFOPLIST_FILE = demoAppUITests/Info.plist;
				LD_RUNPATH_SEARCH_PATHS = "$(inherited) @executable_path/Frameworks @loader_path/Frameworks";
				PRODUCT_BUNDLE_IDENTIFIER = my.com.company.demoAppUITests;
				PRODUCT_NAME = "$(TARGET_NAME)";
				TEST_TARGET_NAME = demoApp;
				USES_XCTRUNNER = YES;
			};
			name = Debug;
		};
		0CDB2A641C8843E6003B586D /* Release */ = {
			isa = XCBuildConfiguration;
			buildSettings = {
				FRAMEWORK_SEARCH_PATHS = (
					"$(inherited)",
					"$(PROJECT_DIR)",
				);
				INFOPLIST_FILE = demoAppUITests/Info.plist;
				LD_RUNPATH_SEARCH_PATHS = "$(inherited) @executable_path/Frameworks @loader_path/Frameworks";
				PRODUCT_BUNDLE_IDENTIFIER = my.com.company.demoAppUITests;
				PRODUCT_NAME = "$(TARGET_NAME)";
				TEST_TARGET_NAME = demoApp;
				USES_XCTRUNNER = YES;
			};
			name = Release;
		};
/* End XCBuildConfiguration section */

/* Begin XCConfigurationList section */
		0CDB2A2A1C8843E6003B586D /* Build configuration list for PBXProject "demoApp" */ = {
			isa = XCConfigurationList;
			buildConfigurations = (
				0CDB2A5A1C8843E6003B586D /* Debug */,
				0CDB2A5B1C8843E6003B586D /* Release */,
			);
			defaultConfigurationIsVisible = 0;
			defaultConfigurationName = Release;
		};
		0CDB2A5C1C8843E6003B586D /* Build configuration list for PBXNativeTarget "demoApp" */ = {
			isa = XCConfigurationList;
			buildConfigurations = (
				0CDB2A5D1C8843E6003B586D /* Debug */,
				0CDB2A5E1C8843E6003B586D /* Release */,
			);
			defaultConfigurationIsVisible = 0;
			defaultConfigurationName = Release;
		};
		0CDB2A5F1C8843E6003B586D /* Build configuration list for PBXNativeTarget "demoAppTests" */ = {
			isa = XCConfigurationList;
			buildConfigurations = (
				0CDB2A601C8843E6003B586D /* Debug */,
				0CDB2A611C8843E6003B586D /* Release */,
			);
			defaultConfigurationIsVisible = 0;
			defaultConfigurationName = Release;
		};
		0CDB2A621C8843E6003B586D /* Build configuration list for PBXNativeTarget "demoAppUITests" */ = {
			isa = XCConfigurationList;
			buildConfigurations = (
				0CDB2A631C8843E6003B586D /* Debug */,
				0CDB2A641C8843E6003B586D /* Release */,
			);
			defaultConfigurationIsVisible = 0;
			defaultConfigurationName = Release;
		};
/* End XCConfigurationList section */
	};
	rootObject = 0CDB2A271C8843E6003B586D /* Project object */;
}
